
Microsoft Visual Studio Solution File, Format Version 12.00
# Visual Studio Version 17
VisualStudioVersion = 17.5.002.0
MinimumVisualStudioVersion = 10.0.40219.1
Project("{9A19103F-16F7-4668-BE54-9A1E7A4F7556}") = "CityInfoApi", "CityInfoApi.csproj", "{1C5CE901-C51C-4714-BAE5-6B69032B61DB}"
EndProject
Global
	GlobalSection(SolutionConfigurationPlatforms) = preSolution
		Debug|Any CPU = Debug|Any CPU
		Release|Any CPU = Release|Any CPU
	EndGlobalSection
	GlobalSection(ProjectConfigurationPlatforms) = postSolution
		{1C5CE901-C51C-4714-BAE5-6B69032B61DB}.Debug|Any CPU.ActiveCfg = Debug|Any CPU
		{1C5CE901-C51C-4714-BAE5-6B69032B61DB}.Debug|Any CPU.Build.0 = Debug|Any CPU
		{1C5CE901-C51C-4714-BAE5-6B69032B61DB}.Release|Any CPU.ActiveCfg = Release|Any CPU
		{1C5CE901-C51C-4714-BAE5-6B69032B61DB}.Release|Any CPU.Build.0 = Release|Any CPU
	EndGlobalSection
	GlobalSection(SolutionProperties) = preSolution
		HideSolutionNode = FALSE
	EndGlobalSection
	GlobalSection(ExtensibilityGlobals) = postSolution
		SolutionGuid = {D21571DA-8DFA-4ED5-9B4C-9325F488D6EF}
	EndGlobalSection
EndGlobal
